
Microsoft Visual Studio Solution File, Format Version 12.00
# Visual Studio Version 16
VisualStudioVersion = 16.0.30128.74
MinimumVisualStudioVersion = 10.0.40219.1
Project("{FAE04EC0-301F-11D3-BF4B-00C04F79EFBC}") = "Proyecto final - Sistema de facturacion", "Proyecto final - Sistema de facturacion\Proyecto final - Sistema de facturacion.csproj", "{1A2D205B-FCD0-4B02-80F5-BB94C6253510}"
EndProject
Global
	GlobalSection(SolutionConfigurationPlatforms) = preSolution
		Debug|Any CPU = Debug|Any CPU
		Release|Any CPU = Release|Any CPU
	EndGlobalSection
	GlobalSection(ProjectConfigurationPlatforms) = postSolution
		{1A2D205B-FCD0-4B02-80F5-BB94C6253510}.Debug|Any CPU.ActiveCfg = Debug|Any CPU
		{1A2D205B-FCD0-4B02-80F5-BB94C6253510}.Debug|Any CPU.Build.0 = Debug|Any CPU
		{1A2D205B-FCD0-4B02-80F5-BB94C6253510}.Release|Any CPU.ActiveCfg = Release|Any CPU
		{1A2D205B-FCD0-4B02-80F5-BB94C6253510}.Release|Any CPU.Build.0 = Release|Any CPU
	EndGlobalSection
	GlobalSection(SolutionProperties) = preSolution
		HideSolutionNode = FALSE
	EndGlobalSection
	GlobalSection(ExtensibilityGlobals) = postSolution
		SolutionGuid = {7A4DEF88-CFD8-48C7-941E-B584F80AC2CD}
	EndGlobalSection
EndGlobal
